
Microsoft Visual Studio Solution File, Format Version 12.00
# Visual Studio 15
VisualStudioVersion = 15.0.27703.2035
MinimumVisualStudioVersion = 10.0.40219.1
Project("{FAE04EC0-301F-11D3-BF4B-00C04F79EFBC}") = "MVCEFRazorAssessment", "MVCEFRazorAssessment\MVCEFRazorAssessment.csproj", "{EB993C13-AE99-4CFA-8A38-C37554384138}"
EndProject
Global
	GlobalSection(SolutionConfigurationPlatforms) = preSolution
		Debug|Any CPU = Debug|Any CPU
		Release|Any CPU = Release|Any CPU
	EndGlobalSection
	GlobalSection(ProjectConfigurationPlatforms) = postSolution
		{EB993C13-AE99-4CFA-8A38-C37554384138}.Debug|Any CPU.ActiveCfg = Debug|Any CPU
		{EB993C13-AE99-4CFA-8A38-C37554384138}.Debug|Any CPU.Build.0 = Debug|Any CPU
		{EB993C13-AE99-4CFA-8A38-C37554384138}.Release|Any CPU.ActiveCfg = Release|Any CPU
		{EB993C13-AE99-4CFA-8A38-C37554384138}.Release|Any CPU.Build.0 = Release|Any CPU
	EndGlobalSection
	GlobalSection(SolutionProperties) = preSolution
		HideSolutionNode = FALSE
	EndGlobalSection
	GlobalSection(ExtensibilityGlobals) = postSolution
		SolutionGuid = {A6C3273F-ED52-457F-947D-AE60DAA69724}
	EndGlobalSection
EndGlobal
